schema: '2.0'
stages:
  ingest:
    cmd: python -m src.data_ingestion
    deps:
    - path: params.yaml
      hash: md5
      md5: cebba21d930a8b234b7ec38fe38baddc
      size: 740
    - path: src/data_ingestion.py
      hash: md5
      md5: 71f05ed558fb471a4350358211662264
      size: 2004
    - path: src/logger.py
      hash: md5
      md5: 91379452e45a5101a48880fe920657fe
      size: 747
    - path: src/utils.py
      hash: md5
      md5: 34ed53ffd767b40f8c8786727ac20bea
      size: 650
    params:
      params.yaml:
        data_source.raw_data_path: data/raw/spam.csv
        data_source.url: 
          https://raw.githubusercontent.com/vikashishere/Datasets/main/spam.csv
    outs:
    - path: data/raw/spam.csv
      hash: md5
      md5: cfbb4abb86c2302a4c13666ff8f83b31
      size: 507295
  preprocess:
    cmd: python -m src.data_preprocessing
    deps:
    - path: data/raw/spam.csv
      hash: md5
      md5: cfbb4abb86c2302a4c13666ff8f83b31
      size: 507295
    - path: params.yaml
      hash: md5
      md5: cebba21d930a8b234b7ec38fe38baddc
      size: 740
    - path: src/data_preprocessing.py
      hash: md5
      md5: f7bbbbef680d01389d091dbb9afe58c9
      size: 4204
    - path: src/logger.py
      hash: md5
      md5: 91379452e45a5101a48880fe920657fe
      size: 747
    - path: src/utils.py
      hash: md5
      md5: 34ed53ffd767b40f8c8786727ac20bea
      size: 650
    params:
      params.yaml:
        data_preprocessing.random_state: 42
        data_preprocessing.test_path: data/processed/test.csv
        data_preprocessing.test_size: 0.2
        data_preprocessing.train_path: data/processed/train.csv
        data_source.raw_data_path: data/raw/spam.csv
    outs:
    - path: data/processed/test.csv
      hash: md5
      md5: de4ea6ef5a79a896b90dafdfc2d59664
      size: 98017
    - path: data/processed/train.csv
      hash: md5
      md5: c075a5cb9e3291d085e7d35e23917bf5
      size: 389217
  feature_engineering:
    cmd: python -m src.feature_engineering
    deps:
    - path: data/processed/test.csv
      hash: md5
      md5: de4ea6ef5a79a896b90dafdfc2d59664
      size: 98017
    - path: data/processed/train.csv
      hash: md5
      md5: c075a5cb9e3291d085e7d35e23917bf5
      size: 389217
    - path: params.yaml
      hash: md5
      md5: cebba21d930a8b234b7ec38fe38baddc
      size: 740
    - path: src/feature_engineering.py
      hash: md5
      md5: 5015b52d8296f0c6cf332ac383dec1a3
      size: 5244
    - path: src/logger.py
      hash: md5
      md5: 91379452e45a5101a48880fe920657fe
      size: 747
    - path: src/utils.py
      hash: md5
      md5: 34ed53ffd767b40f8c8786727ac20bea
      size: 650
    params:
      params.yaml:
        data_preprocessing.test_path: data/processed/test.csv
        data_preprocessing.train_path: data/processed/train.csv
        feature_engineering.max_features: 3000
        feature_engineering.ngram_range:
        - 1
        - 2
        feature_engineering.vectorizer_path: models/tfidf_vectorizer.pkl
        feature_engineering.x_test_path: data/features/X_test.pkl
        feature_engineering.x_train_path: data/features/X_train.pkl
        feature_engineering.y_test_path: data/features/y_test.csv
        feature_engineering.y_train_path: data/features/y_train.csv
    outs:
    - path: data/features/X_test.pkl
      hash: md5
      md5: 46bd1a0bb62f7b288418bbb8f2fc343b
      size: 189915
    - path: data/features/X_train.pkl
      hash: md5
      md5: 4244e1cc912aa83493f881767712ae0c
      size: 788699
    - path: data/features/y_test.csv
      hash: md5
      md5: 6a37a9366da3ff0e8f9d24d48927d289
      size: 5732
    - path: data/features/y_train.csv
      hash: md5
      md5: 55de5fa83c77470dc372a93753f8b6b9
      size: 22891
    - path: models/tfidf_vectorizer.pkl
      hash: md5
      md5: d1d671aaba9011305eb33014a06e8e8a
      size: 110543
  train:
    cmd: python -m src.model_building
    deps:
    - path: data/features/X_train.pkl
      hash: md5
      md5: 4244e1cc912aa83493f881767712ae0c
      size: 788699
    - path: data/features/y_train.csv
      hash: md5
      md5: 55de5fa83c77470dc372a93753f8b6b9
      size: 22891
    - path: params.yaml
      hash: md5
      md5: cebba21d930a8b234b7ec38fe38baddc
      size: 740
    - path: src/logger.py
      hash: md5
      md5: 91379452e45a5101a48880fe920657fe
      size: 747
    - path: src/model_building.py
      hash: md5
      md5: 8e2dbc3d86a9a69d2441f600995bf8c9
      size: 3060
    - path: src/utils.py
      hash: md5
      md5: 34ed53ffd767b40f8c8786727ac20bea
      size: 650
    params:
      params.yaml:
        feature_engineering.x_train_path: data/features/X_train.pkl
        feature_engineering.y_train_path: data/features/y_train.csv
        model_building.max_iter: 1000
        model_building.model_path: models/logistic_regression_model.pkl
        model_building.random_state: 42
    outs:
    - path: models/logistic_regression_model.pkl
      hash: md5
      md5: cdcecc4703922973a92a861142e356bb
      size: 24991
  evaluate:
    cmd: python -m src.model_evaluation
    deps:
    - path: data/features/X_test.pkl
      hash: md5
      md5: 46bd1a0bb62f7b288418bbb8f2fc343b
      size: 189915
    - path: data/features/y_test.csv
      hash: md5
      md5: 6a37a9366da3ff0e8f9d24d48927d289
      size: 5732
    - path: models/logistic_regression_model.pkl
      hash: md5
      md5: cdcecc4703922973a92a861142e356bb
      size: 24991
    - path: params.yaml
      hash: md5
      md5: cebba21d930a8b234b7ec38fe38baddc
      size: 740
    - path: src/logger.py
      hash: md5
      md5: 91379452e45a5101a48880fe920657fe
      size: 747
    - path: src/model_evaluation.py
      hash: md5
      md5: a82d306698f624d9e3fbeb53032df256
      size: 4323
    - path: src/utils.py
      hash: md5
      md5: 34ed53ffd767b40f8c8786727ac20bea
      size: 650
    params:
      params.yaml:
        feature_engineering.x_test_path: data/features/X_test.pkl
        feature_engineering.y_test_path: data/features/y_test.csv
        model_building.model_path: models/logistic_regression_model.pkl
        model_evaluation.metrics_path: reports/metrics.json
    outs:
    - path: reports/metrics.json
      hash: md5
      md5: 00f5d51140b1d488d500db556a9a69b8
      size: 134
  model_building:
    cmd: python -m src.model_building
    deps:
    - path: data/features/X_train.pkl
      hash: md5
      md5: d1ec03a0e5e128c916e285e247c74174
      size: 875955
    - path: data/features/y_train.csv
      hash: md5
      md5: 55de5fa83c77470dc372a93753f8b6b9
      size: 22891
    - path: params.yaml
      hash: md5
      md5: 37698dc9fe9fa810d1de504e05dcdd6b
      size: 740
    - path: src/logger.py
      hash: md5
      md5: 91379452e45a5101a48880fe920657fe
      size: 747
    - path: src/model_building.py
      hash: md5
      md5: 8e2dbc3d86a9a69d2441f600995bf8c9
      size: 3060
    - path: src/utils.py
      hash: md5
      md5: 34ed53ffd767b40f8c8786727ac20bea
      size: 650
    outs:
    - path: models/logistic_regression_model.pkl
      hash: md5
      md5: b279e64f08dd3c8743fa707dced2bb2c
      size: 40991
